{
    "_meta": {
        "hash": {
            "sha256": "a13627273dc61179b3a17d5254464d0deafa04fe1a9ac8ec4eaf4d73cb1102ab"
        },
        "requires": {},
        "sources": [
            {
                "url": "https://pypi.python.org/simple",
                "verify_ssl": true
            }
        ]
    },
    "default": {
        "PyPDF2": {
            "hash": "sha256:e28f902f2f0a1603ea95ebe21dff311ef09be3d0f0ef29a3e44a932729564385",
            "version": "==1.26.0"
        },
        "certifi": {
            "hash": "sha256:54a07c09c586b0e4c619f02a5e94e36619da8e2b053e20f594348c0611803704",
            "version": "==2017.7.27.1"
        },
        "chardet": {
            "hash": "sha256:fc323ffcaeaed0e0a02bf4d117757b98aed530d9ed4531e3e15460124c106691",
            "version": "==3.0.4"
        },
        "idna": {
            "hash": "sha256:8c7309c718f94b3a625cb648ace320157ad16ff131ae0af362c9f21b80ef6ec4",
            "version": "==2.6"
        },
        "requests": {
            "hash": "sha256:6a1b267aa90cac58ac3a765d067950e7dbbf75b1da07e895d1f594193a40a38b",
            "version": "==2.18.4"
        },
        "urllib3": {
            "hash": "sha256:06330f386d6e4b195fbfc736b297f58c5a892e4440e54d294d7004e3a9bbea1b",
            "version": "==1.22"
        }
    },
    "develop": {
        "flake8": {
            "hash": "sha256:f1a9d8886a9cbefb52485f4f4c770832c7fb569c084a9a314fb1eaa37c0c2c86",
            "version": "==3.4.1"
        },
        "mccabe": {
            "hash": "sha256:ab8a6258860da4b6677da4bd2fe5dc2c659cff31b3ee4f7f5d64e79735b80d42",
            "version": "==0.6.1"
        },
        "py": {
            "hash": "sha256:2ccb79b01769d99115aa600d7eed99f524bf752bba8f041dc1c184853514655a",
            "version": "==1.4.34"
        },
        "pycodestyle": {
            "hash": "sha256:6c4245ade1edfad79c3446fadfc96b0de2759662dc29d07d80a6f27ad1ca6ba9",
            "version": "==2.3.1"
        },
        "pyflakes": {
            "hash": "sha256:cc5eadfb38041f8366128786b4ca12700ed05bbf1403d808e89d57d67a3875a7",
            "version": "==1.5.0"
        },
        "pytest": {
            "hash": "sha256:66f332ae62593b874a648b10a8cb106bfdacd2c6288ed7dec3713c3a808a6017",
            "version": "==3.0.7"
        },
        "pytest-flake8": {
            "hash": "sha256:bf4a9b3b8ca699cf2f84492ec491e4e057ba9af8bce1aec7fd9095b6d4d2d946",
            "version": "==0.6"
        },
        "pytest-logging": {
            "hash": "sha256:cec5c85ecf18aab7b2ead5498a31b9f758680ef5a902b9054ab3f2bdbb77c896",
            "version": "==2015.11.4"
        },
        "setuptools": {
            "hash": "sha256:02b5f3869777dfbfbe3786a057bc6d523445a3e541a0abdf85adbe0b091e96b9",
            "version": "==36.2.7"
        }
    }
}